
Microsoft Visual Studio Solution File, Format Version 12.00
# Visual Studio Version 17
VisualStudioVersion = 17.0.31903.59
MinimumVisualStudioVersion = 10.0.40219.1
Project("{FAE04EC0-301F-11D3-BF4B-00C04F79EFBC}") = "Yilduz", "src\Yilduz\Yilduz.csproj", "{08CFF79F-92E2-437A-96C8-EF2D2F5D7AB3}"
EndProject
Project("{FAE04EC0-301F-11D3-BF4B-00C04F79EFBC}") = "Yilduz.Tests", "src\Yilduz.Tests\Yilduz.Tests.csproj", "{D6ABAC4F-7964-44D3-99FE-57EFFAE0C855}"
EndProject
Project("{FAE04EC0-301F-11D3-BF4B-00C04F79EFBC}") = "Yilduz.Repl", "src\Yilduz.Repl\Yilduz.Repl.csproj", "{02DD5B9B-0D73-4A4D-8CF6-521EF97669FA}"
EndProject
Global
	GlobalSection(SolutionConfigurationPlatforms) = preSolution
		Debug|Any CPU = Debug|Any CPU
		Debug|x64 = Debug|x64
		Debug|x86 = Debug|x86
		Release|Any CPU = Release|Any CPU
		Release|x64 = Release|x64
		Release|x86 = Release|x86
	EndGlobalSection
	GlobalSection(ProjectConfigurationPlatforms) = postSolution
		{08CFF79F-92E2-437A-96C8-EF2D2F5D7AB3}.Debug|Any CPU.ActiveCfg = Debug|Any CPU
		{08CFF79F-92E2-437A-96C8-EF2D2F5D7AB3}.Debug|Any CPU.Build.0 = Debug|Any CPU
		{08CFF79F-92E2-437A-96C8-EF2D2F5D7AB3}.Debug|x64.ActiveCfg = Debug|Any CPU
		{08CFF79F-92E2-437A-96C8-EF2D2F5D7AB3}.Debug|x64.Build.0 = Debug|Any CPU
		{08CFF79F-92E2-437A-96C8-EF2D2F5D7AB3}.Debug|x86.ActiveCfg = Debug|Any CPU
		{08CFF79F-92E2-437A-96C8-EF2D2F5D7AB3}.Debug|x86.Build.0 = Debug|Any CPU
		{08CFF79F-92E2-437A-96C8-EF2D2F5D7AB3}.Release|Any CPU.ActiveCfg = Release|Any CPU
		{08CFF79F-92E2-437A-96C8-EF2D2F5D7AB3}.Release|Any CPU.Build.0 = Release|Any CPU
		{08CFF79F-92E2-437A-96C8-EF2D2F5D7AB3}.Release|x64.ActiveCfg = Release|Any CPU
		{08CFF79F-92E2-437A-96C8-EF2D2F5D7AB3}.Release|x64.Build.0 = Release|Any CPU
		{08CFF79F-92E2-437A-96C8-EF2D2F5D7AB3}.Release|x86.ActiveCfg = Release|Any CPU
		{08CFF79F-92E2-437A-96C8-EF2D2F5D7AB3}.Release|x86.Build.0 = Release|Any CPU
		{D6ABAC4F-7964-44D3-99FE-57EFFAE0C855}.Debug|Any CPU.ActiveCfg = Debug|Any CPU
		{D6ABAC4F-7964-44D3-99FE-57EFFAE0C855}.Debug|Any CPU.Build.0 = Debug|Any CPU
		{D6ABAC4F-7964-44D3-99FE-57EFFAE0C855}.Debug|x64.ActiveCfg = Debug|Any CPU
		{D6ABAC4F-7964-44D3-99FE-57EFFAE0C855}.Debug|x64.Build.0 = Debug|Any CPU
		{D6ABAC4F-7964-44D3-99FE-57EFFAE0C855}.Debug|x86.ActiveCfg = Debug|Any CPU
		{D6ABAC4F-7964-44D3-99FE-57EFFAE0C855}.Debug|x86.Build.0 = Debug|Any CPU
		{D6ABAC4F-7964-44D3-99FE-57EFFAE0C855}.Release|Any CPU.ActiveCfg = Release|Any CPU
		{D6ABAC4F-7964-44D3-99FE-57EFFAE0C855}.Release|Any CPU.Build.0 = Release|Any CPU
		{D6ABAC4F-7964-44D3-99FE-57EFFAE0C855}.Release|x64.ActiveCfg = Release|Any CPU
		{D6ABAC4F-7964-44D3-99FE-57EFFAE0C855}.Release|x64.Build.0 = Release|Any CPU
		{D6ABAC4F-7964-44D3-99FE-57EFFAE0C855}.Release|x86.ActiveCfg = Release|Any CPU
		{D6ABAC4F-7964-44D3-99FE-57EFFAE0C855}.Release|x86.Build.0 = Release|Any CPU
		{02DD5B9B-0D73-4A4D-8CF6-521EF97669FA}.Debug|Any CPU.ActiveCfg = Debug|Any CPU
		{02DD5B9B-0D73-4A4D-8CF6-521EF97669FA}.Debug|Any CPU.Build.0 = Debug|Any CPU
		{02DD5B9B-0D73-4A4D-8CF6-521EF97669FA}.Debug|x64.ActiveCfg = Debug|Any CPU
		{02DD5B9B-0D73-4A4D-8CF6-521EF97669FA}.Debug|x64.Build.0 = Debug|Any CPU
		{02DD5B9B-0D73-4A4D-8CF6-521EF97669FA}.Debug|x86.ActiveCfg = Debug|Any CPU
		{02DD5B9B-0D73-4A4D-8CF6-521EF97669FA}.Debug|x86.Build.0 = Debug|Any CPU
		{02DD5B9B-0D73-4A4D-8CF6-521EF97669FA}.Release|Any CPU.ActiveCfg = Release|Any CPU
		{02DD5B9B-0D73-4A4D-8CF6-521EF97669FA}.Release|Any CPU.Build.0 = Release|Any CPU
		{02DD5B9B-0D73-4A4D-8CF6-521EF97669FA}.Release|x64.ActiveCfg = Release|Any CPU
		{02DD5B9B-0D73-4A4D-8CF6-521EF97669FA}.Release|x64.Build.0 = Release|Any CPU
		{02DD5B9B-0D73-4A4D-8CF6-521EF97669FA}.Release|x86.ActiveCfg = Release|Any CPU
		{02DD5B9B-0D73-4A4D-8CF6-521EF97669FA}.Release|x86.Build.0 = Release|Any CPU
	EndGlobalSection
EndGlobal
