<Solution>
  <Configurations>
    <Platform Name="Any CPU" />
    <Platform Name="x64" />
    <Platform Name="x86" />
  </Configurations>
  <Project Path="src/Yilduz.Repl/Yilduz.Repl.csproj" />
  <Project Path="src/Yilduz.Tests/Yilduz.Tests.csproj" />
  <Project Path="src/Yilduz/Yilduz.csproj" />
</Solution>
